// !$*UTF8*$!
{
	archiveVersion = 1;
	classes = {
	};
	objectVersion = 48;
	objects = {

/* Begin PBXBuildFile section */
		2F0C1A23DF7919F3FFF6337A /* libPods-ExampleTests.a in Frameworks */ = {isa = PBXBuildFile; fileRef = 147DE80734F59656B574442E /* libPods-ExampleTests.a */; };
		59D0EBC748A92359A747A3F2 /* libPods-Example.a in Frameworks */ = {isa = PBXBuildFile; fileRef = 46BA6653B80DACB1111291BB /* libPods-Example.a */; };
		657F1F881D7ABC8600BA499A /* main.m in Sources */ = {isa = PBXBuildFile; fileRef = 657F1F871D7ABC8600BA499A /* main.m */; };
		657F1F8B1D7ABC8600BA499A /* AppDelegate.m in Sources */ = {isa = PBXBuildFile; fileRef = 657F1F8A1D7ABC8600BA499A /* AppDelegate.m */; };
		657F1F8E1D7ABC8600BA499A /* MasterViewController.m in Sources */ = {isa = PBXBuildFile; fileRef = 657F1F8D1D7ABC8600BA499A /* MasterViewController.m */; };
		657F1F911D7ABC8600BA499A /* DetailViewController.m in Sources */ = {isa = PBXBuildFile; fileRef = 657F1F901D7ABC8600BA499A /* DetailViewController.m */; };
		657F1F941D7ABC8600BA499A /* Main.storyboard in Resources */ = {isa = PBXBuildFile; fileRef = 657F1F921D7ABC8600BA499A /* Main.storyboard */; };
		657F1F961D7ABC8600BA499A /* Assets.xcassets in Resources */ = {isa = PBXBuildFile; fileRef = 657F1F951D7ABC8600BA499A /* Assets.xcassets */; };
		657F1F991D7ABC8600BA499A /* LaunchScreen.storyboard in Resources */ = {isa = PBXBuildFile; fileRef = 657F1F971D7ABC8600BA499A /* LaunchScreen.storyboard */; };
		657F1FA41D7ABC8600BA499A /* ExampleTests.m in Sources */ = {isa = PBXBuildFile; fileRef = 657F1FA31D7ABC8600BA499A /* ExampleTests.m */; };
		65B546D71D7AD08300A28BCE /* InfoPlist.strings in Resources */ = {isa = PBXBuildFile; fileRef = 65B546BF1D7AD08300A28BCE /* InfoPlist.strings */; };
		65B546D81D7AD08300A28BCE /* InfoPlist.strings in Resources */ = {isa = PBXBuildFile; fileRef = 65B546C11D7AD08300A28BCE /* InfoPlist.strings */; };
		65B546D91D7AD08300A28BCE /* Aerial04.jpg in Resources */ = {isa = PBXBuildFile; fileRef = 65B546C31D7AD08300A28BCE /* Aerial04.jpg */; };
		65B546DA1D7AD08300A28BCE /* testBaseKeytechKit.m in Sources */ = {isa = PBXBuildFile; fileRef = 65B546C41D7AD08300A28BCE /* testBaseKeytechKit.m */; };
		65B546DB1D7AD08300A28BCE /* testClasses.m in Sources */ = {isa = PBXBuildFile; fileRef = 65B546C51D7AD08300A28BCE /* testClasses.m */; };
		65B546DC1D7AD08300A28BCE /* TestDefaults.m in Sources */ = {isa = PBXBuildFile; fileRef = 65B546C61D7AD08300A28BCE /* TestDefaults.m */; };
		65B546DD1D7AD08300A28BCE /* testEnvironment.m in Sources */ = {isa = PBXBuildFile; fileRef = 65B546C71D7AD08300A28BCE /* testEnvironment.m */; };
		65B546DE1D7AD08300A28BCE /* testFileManagement.m in Sources */ = {isa = PBXBuildFile; fileRef = 65B546C81D7AD08300A28BCE /* testFileManagement.m */; };
		65B546DF1D7AD08300A28BCE /* testFolderManagement.m in Sources */ = {isa = PBXBuildFile; fileRef = 65B546C91D7AD08300A28BCE /* testFolderManagement.m */; };
		65B546E11D7AD08300A28BCE /* testKeytechElements.m in Sources */ = {isa = PBXBuildFile; fileRef = 65B546CB1D7AD08300A28BCE /* testKeytechElements.m */; };
		65B546E21D7AD08300A28BCE /* testLayout.m in Sources */ = {isa = PBXBuildFile; fileRef = 65B546CC1D7AD08300A28BCE /* testLayout.m */; };
		65B546E31D7AD08300A28BCE /* testNotes.m in Sources */ = {isa = PBXBuildFile; fileRef = 65B546CD1D7AD08300A28BCE /* testNotes.m */; };
		65B546E41D7AD08300A28BCE /* testQueries.m in Sources */ = {isa = PBXBuildFile; fileRef = 65B546CE1D7AD08300A28BCE /* testQueries.m */; };
		65B546E51D7AD08300A28BCE /* testRequestServers.m in Sources */ = {isa = PBXBuildFile; fileRef = 65B546CF1D7AD08300A28BCE /* testRequestServers.m */; };
		65B546E61D7AD08300A28BCE /* testResponseLoader.m in Sources */ = {isa = PBXBuildFile; fileRef = 65B546D01D7AD08300A28BCE /* testResponseLoader.m */; };
		65B546E71D7AD08300A28BCE /* testSendNotification.m in Sources */ = {isa = PBXBuildFile; fileRef = 65B546D11D7AD08300A28BCE /* testSendNotification.m */; };
		65B546E81D7AD08300A28BCE /* testServerInfo.m in Sources */ = {isa = PBXBuildFile; fileRef = 65B546D21D7AD08300A28BCE /* testServerInfo.m */; };
		65B546E91D7AD08300A28BCE /* testStatus.m in Sources */ = {isa = PBXBuildFile; fileRef = 65B546D31D7AD08300A28BCE /* testStatus.m */; };
		65B546EA1D7AD08300A28BCE /* testUser.m in Sources */ = {isa = PBXBuildFile; fileRef = 65B546D41D7AD08300A28BCE /* testUser.m */; };
		65B546EB1D7AD08300A28BCE /* testUserSettings.m in Sources */ = {isa = PBXBuildFile; fileRef = 65B546D51D7AD08300A28BCE /* testUserSettings.m */; };
		65B546EC1D7AD08300A28BCE /* keytechKitTests-Info.plist in Resources */ = {isa = PBXBuildFile; fileRef = 65B546D61D7AD08300A28BCE /* keytechKitTests-Info.plist */; };
/* End PBXBuildFile section */

/* Begin PBXContainerItemProxy section */
		657F1FA01D7ABC8600BA499A /* PBXContainerItemProxy */ = {
			isa = PBXContainerItemProxy;
			containerPortal = 657F1F7B1D7ABC8600BA499A /* Project object */;
			proxyType = 1;
			remoteGlobalIDString = 657F1F821D7ABC8600BA499A;
			remoteInfo = Example;
		};
/* End PBXContainerItemProxy section */

/* Begin PBXFileReference section */
		106DDD5A45C7BF40EB8398A6 /* Pods-Example.debug.xcconfig */ = {isa = PBXFileReference; includeInIndex = 1; lastKnownFileType = text.xcconfig; name = "Pods-Example.debug.xcconfig"; path = "Pods/Target Support Files/Pods-Example/Pods-Example.debug.xcconfig"; sourceTree = "<group>"; };
		147DE80734F59656B574442E /* libPods-ExampleTests.a */ = {isa = PBXFileReference; explicitFileType = archive.ar; includeInIndex = 0; path = "libPods-ExampleTests.a"; sourceTree = BUILT_PRODUCTS_DIR; };
		46BA6653B80DACB1111291BB /* libPods-Example.a */ = {isa = PBXFileReference; explicitFileType = archive.ar; includeInIndex = 0; path = "libPods-Example.a"; sourceTree = BUILT_PRODUCTS_DIR; };
		51AA6B33647D906A6A723EA2 /* Pods-ExampleTests.release.xcconfig */ = {isa = PBXFileReference; includeInIndex = 1; lastKnownFileType = text.xcconfig; name = "Pods-ExampleTests.release.xcconfig"; path = "Pods/Target Support Files/Pods-ExampleTests/Pods-ExampleTests.release.xcconfig"; sourceTree = "<group>"; };
		639987E8983830B58CDB5D79 /* Pods-Example.release.xcconfig */ = {isa = PBXFileReference; includeInIndex = 1; lastKnownFileType = text.xcconfig; name = "Pods-Example.release.xcconfig"; path = "Pods/Target Support Files/Pods-Example/Pods-Example.release.xcconfig"; sourceTree = "<group>"; };
		657F1F831D7ABC8600BA499A /* Example.app */ = {isa = PBXFileReference; explicitFileType = wrapper.application; includeInIndex = 0; path = Example.app; sourceTree = BUILT_PRODUCTS_DIR; };
		657F1F871D7ABC8600BA499A /* main.m */ = {isa = PBXFileReference; lastKnownFileType = sourcecode.c.objc; path = main.m; sourceTree = "<group>"; };
		657F1F891D7ABC8600BA499A /* AppDelegate.h */ = {isa = PBXFileReference; lastKnownFileType = sourcecode.c.h; path = AppDelegate.h; sourceTree = "<group>"; };
		657F1F8A1D7ABC8600BA499A /* AppDelegate.m */ = {isa = PBXFileReference; lastKnownFileType = sourcecode.c.objc; path = AppDelegate.m; sourceTree = "<group>"; };
		657F1F8C1D7ABC8600BA499A /* MasterViewController.h */ = {isa = PBXFileReference; lastKnownFileType = sourcecode.c.h; path = MasterViewController.h; sourceTree = "<group>"; };
		657F1F8D1D7ABC8600BA499A /* MasterViewController.m */ = {isa = PBXFileReference; lastKnownFileType = sourcecode.c.objc; path = MasterViewController.m; sourceTree = "<group>"; };
		657F1F8F1D7ABC8600BA499A /* DetailViewController.h */ = {isa = PBXFileReference; lastKnownFileType = sourcecode.c.h; path = DetailViewController.h; sourceTree = "<group>"; };
		657F1F901D7ABC8600BA499A /* DetailViewController.m */ = {isa = PBXFileReference; lastKnownFileType = sourcecode.c.objc; path = DetailViewController.m; sourceTree = "<group>"; };
		657F1F931D7ABC8600BA499A /* Base */ = {isa = PBXFileReference; lastKnownFileType = file.storyboard; name = Base; path = Base.lproj/Main.storyboard; sourceTree = "<group>"; };
		657F1F951D7ABC8600BA499A /* Assets.xcassets */ = {isa = PBXFileReference; lastKnownFileType = folder.assetcatalog; path = Assets.xcassets; sourceTree = "<group>"; };
		657F1F981D7ABC8600BA499A /* Base */ = {isa = PBXFileReference; lastKnownFileType = file.storyboard; name = Base; path = Base.lproj/LaunchScreen.storyboard; sourceTree = "<group>"; };
		657F1F9A1D7ABC8600BA499A /* Info.plist */ = {isa = PBXFileReference; lastKnownFileType = text.plist.xml; path = Info.plist; sourceTree = "<group>"; };
		657F1F9F1D7ABC8600BA499A /* ExampleTests.xctest */ = {isa = PBXFileReference; explicitFileType = wrapper.cfbundle; includeInIndex = 0; path = ExampleTests.xctest; sourceTree = BUILT_PRODUCTS_DIR; };
		657F1FA31D7ABC8600BA499A /* ExampleTests.m */ = {isa = PBXFileReference; lastKnownFileType = sourcecode.c.objc; path = ExampleTests.m; sourceTree = "<group>"; };
		657F1FA51D7ABC8600BA499A /* Info.plist */ = {isa = PBXFileReference; lastKnownFileType = text.plist.xml; path = Info.plist; sourceTree = "<group>"; };
		65B546B91D7AD08300A28BCE /* keytechKitFrameworkTests-Bridging-Header.h */ = {isa = PBXFileReference; fileEncoding = 4; lastKnownFileType = sourcecode.c.h; path = "keytechKitFrameworkTests-Bridging-Header.h"; sourceTree = "<group>"; };
		65B546BA1D7AD08300A28BCE /* keytechKitTests-Bridging-Header.h */ = {isa = PBXFileReference; fileEncoding = 4; lastKnownFileType = sourcecode.c.h; path = "keytechKitTests-Bridging-Header.h"; sourceTree = "<group>"; };
		65B546BB1D7AD08300A28BCE /* TestDefaults.h */ = {isa = PBXFileReference; fileEncoding = 4; lastKnownFileType = sourcecode.c.h; path = TestDefaults.h; sourceTree = "<group>"; };
		65B546BC1D7AD08300A28BCE /* testResponseLoader.h */ = {isa = PBXFileReference; fileEncoding = 4; lastKnownFileType = sourcecode.c.h; path = testResponseLoader.h; sourceTree = "<group>"; };
		65B546BD1D7AD08300A28BCE /* keytechKitFramework Tests-Prefix.pch */ = {isa = PBXFileReference; fileEncoding = 4; lastKnownFileType = sourcecode.c.h; path = "keytechKitFramework Tests-Prefix.pch"; sourceTree = "<group>"; };
		65B546C01D7AD08300A28BCE /* en */ = {isa = PBXFileReference; lastKnownFileType = text.plist.strings; name = en; path = InfoPlist.strings; sourceTree = "<group>"; };
		65B546C21D7AD08300A28BCE /* en */ = {isa = PBXFileReference; lastKnownFileType = text.plist.strings; name = en; path = en.lproj/InfoPlist.strings; sourceTree = "<group>"; };
		65B546C31D7AD08300A28BCE /* Aerial04.jpg */ = {isa = PBXFileReference; lastKnownFileType = image.jpeg; path = Aerial04.jpg; sourceTree = "<group>"; };
		65B546C41D7AD08300A28BCE /* testBaseKeytechKit.m */ = {isa = PBXFileReference; fileEncoding = 4; lastKnownFileType = sourcecode.c.objc; path = testBaseKeytechKit.m; sourceTree = "<group>"; };
		65B546C51D7AD08300A28BCE /* testClasses.m */ = {isa = PBXFileReference; fileEncoding = 4; lastKnownFileType = sourcecode.c.objc; path = testClasses.m; sourceTree = "<group>"; };
		65B546C61D7AD08300A28BCE /* TestDefaults.m */ = {isa = PBXFileReference; fileEncoding = 4; lastKnownFileType = sourcecode.c.objc; path = TestDefaults.m; sourceTree = "<group>"; };
		65B546C71D7AD08300A28BCE /* testEnvironment.m */ = {isa = PBXFileReference; fileEncoding = 4; lastKnownFileType = sourcecode.c.objc; path = testEnvironment.m; sourceTree = "<group>"; };
		65B546C81D7AD08300A28BCE /* testFileManagement.m */ = {isa = PBXFileReference; fileEncoding = 4; lastKnownFileType = sourcecode.c.objc; path = testFileManagement.m; sourceTree = "<group>"; };
		65B546C91D7AD08300A28BCE /* testFolderManagement.m */ = {isa = PBXFileReference; fileEncoding = 4; lastKnownFileType = sourcecode.c.objc; path = testFolderManagement.m; sourceTree = "<group>"; };
		65B546CB1D7AD08300A28BCE /* testKeytechElements.m */ = {isa = PBXFileReference; fileEncoding = 4; lastKnownFileType = sourcecode.c.objc; path = testKeytechElements.m; sourceTree = "<group>"; };
		65B546CC1D7AD08300A28BCE /* testLayout.m */ = {isa = PBXFileReference; fileEncoding = 4; lastKnownFileType = sourcecode.c.objc; path = testLayout.m; sourceTree = "<group>"; };
		65B546CD1D7AD08300A28BCE /* testNotes.m */ = {isa = PBXFileReference; fileEncoding = 4; lastKnownFileType = sourcecode.c.objc; path = testNotes.m; sourceTree = "<group>"; };
		65B546CE1D7AD08300A28BCE /* testQueries.m */ = {isa = PBXFileReference; fileEncoding = 4; lastKnownFileType = sourcecode.c.objc; path = testQueries.m; sourceTree = "<group>"; };
		65B546CF1D7AD08300A28BCE /* testRequestServers.m */ = {isa = PBXFileReference; fileEncoding = 4; lastKnownFileType = sourcecode.c.objc; path = testRequestServers.m; sourceTree = "<group>"; };
		65B546D01D7AD08300A28BCE /* testResponseLoader.m */ = {isa = PBXFileReference; fileEncoding = 4; lastKnownFileType = sourcecode.c.objc; path = testResponseLoader.m; sourceTree = "<group>"; };
		65B546D11D7AD08300A28BCE /* testSendNotification.m */ = {isa = PBXFileReference; fileEncoding = 4; lastKnownFileType = sourcecode.c.objc; path = testSendNotification.m; sourceTree = "<group>"; };
		65B546D21D7AD08300A28BCE /* testServerInfo.m */ = {isa = PBXFileReference; fileEncoding = 4; lastKnownFileType = sourcecode.c.objc; path = testServerInfo.m; sourceTree = "<group>"; };
		65B546D31D7AD08300A28BCE /* testStatus.m */ = {isa = PBXFileReference; fileEncoding = 4; lastKnownFileType = sourcecode.c.objc; path = testStatus.m; sourceTree = "<group>"; };
		65B546D41D7AD08300A28BCE /* testUser.m */ = {isa = PBXFileReference; fileEncoding = 4; lastKnownFileType = sourcecode.c.objc; path = testUser.m; sourceTree = "<group>"; };
		65B546D51D7AD08300A28BCE /* testUserSettings.m */ = {isa = PBXFileReference; fileEncoding = 4; lastKnownFileType = sourcecode.c.objc; path = testUserSettings.m; sourceTree = "<group>"; };
		65B546D61D7AD08300A28BCE /* keytechKitTests-Info.plist */ = {isa = PBXFileReference; fileEncoding = 4; lastKnownFileType = text.plist.xml; path = "keytechKitTests-Info.plist"; sourceTree = "<group>"; };
		B6CF0B052AAC9FF12EABAA4D /* Pods-ExampleTests.debug.xcconfig */ = {isa = PBXFileReference; includeInIndex = 1; lastKnownFileType = text.xcconfig; name = "Pods-ExampleTests.debug.xcconfig"; path = "Pods/Target Support Files/Pods-ExampleTests/Pods-ExampleTests.debug.xcconfig"; sourceTree = "<group>"; };
/* End PBXFileReference section */

/* Begin PBXFrameworksBuildPhase section */
		657F1F801D7ABC8600BA499A /* Frameworks */ = {
			isa = PBXFrameworksBuildPhase;
			buildActionMask = 2147483647;
			files = (
				59D0EBC748A92359A747A3F2 /* libPods-Example.a in Frameworks */,
			);
			runOnlyForDeploymentPostprocessing = 0;
		};
		657F1F9C1D7ABC8600BA499A /* Frameworks */ = {
			isa = PBXFrameworksBuildPhase;
			buildActionMask = 2147483647;
			files = (
				2F0C1A23DF7919F3FFF6337A /* libPods-ExampleTests.a in Frameworks */,
			);
			runOnlyForDeploymentPostprocessing = 0;
		};
/* End PBXFrameworksBuildPhase section */

/* Begin PBXGroup section */
		657F1F7A1D7ABC8600BA499A = {
			isa = PBXGroup;
			children = (
				657F1F851D7ABC8600BA499A /* Example */,
				657F1FA21D7ABC8600BA499A /* ExampleTests */,
				657F1F841D7ABC8600BA499A /* Products */,
				DA35D70CC9EAA397D7FBD0ED /* Pods */,
				903B0CF6F47DF869C0C0035D /* Frameworks */,
			);
			sourceTree = "<group>";
		};
		657F1F841D7ABC8600BA499A /* Products */ = {
			isa = PBXGroup;
			children = (
				657F1F831D7ABC8600BA499A /* Example.app */,
				657F1F9F1D7ABC8600BA499A /* ExampleTests.xctest */,
			);
			name = Products;
			sourceTree = "<group>";
		};
		657F1F851D7ABC8600BA499A /* Example */ = {
			isa = PBXGroup;
			children = (
				657F1F891D7ABC8600BA499A /* AppDelegate.h */,
				657F1F8A1D7ABC8600BA499A /* AppDelegate.m */,
				657F1F8C1D7ABC8600BA499A /* MasterViewController.h */,
				657F1F8D1D7ABC8600BA499A /* MasterViewController.m */,
				657F1F8F1D7ABC8600BA499A /* DetailViewController.h */,
				657F1F901D7ABC8600BA499A /* DetailViewController.m */,
				657F1F921D7ABC8600BA499A /* Main.storyboard */,
				657F1F951D7ABC8600BA499A /* Assets.xcassets */,
				657F1F971D7ABC8600BA499A /* LaunchScreen.storyboard */,
				657F1F9A1D7ABC8600BA499A /* Info.plist */,
				657F1F861D7ABC8600BA499A /* Supporting Files */,
			);
			path = Example;
			sourceTree = "<group>";
		};
		657F1F861D7ABC8600BA499A /* Supporting Files */ = {
			isa = PBXGroup;
			children = (
				657F1F871D7ABC8600BA499A /* main.m */,
			);
			name = "Supporting Files";
			sourceTree = "<group>";
		};
		657F1FA21D7ABC8600BA499A /* ExampleTests */ = {
			isa = PBXGroup;
			children = (
				65B546B91D7AD08300A28BCE /* keytechKitFrameworkTests-Bridging-Header.h */,
				65B546BA1D7AD08300A28BCE /* keytechKitTests-Bridging-Header.h */,
				65B546BB1D7AD08300A28BCE /* TestDefaults.h */,
				65B546BC1D7AD08300A28BCE /* testResponseLoader.h */,
				65B546BD1D7AD08300A28BCE /* keytechKitFramework Tests-Prefix.pch */,
				65B546BE1D7AD08300A28BCE /* en.lproj */,
				65B546C11D7AD08300A28BCE /* InfoPlist.strings */,
				65B546C31D7AD08300A28BCE /* Aerial04.jpg */,
				65B546C41D7AD08300A28BCE /* testBaseKeytechKit.m */,
				65B546C51D7AD08300A28BCE /* testClasses.m */,
				65B546C61D7AD08300A28BCE /* TestDefaults.m */,
				65B546C71D7AD08300A28BCE /* testEnvironment.m */,
				65B546C81D7AD08300A28BCE /* testFileManagement.m */,
				65B546C91D7AD08300A28BCE /* testFolderManagement.m */,
				65B546CB1D7AD08300A28BCE /* testKeytechElements.m */,
				65B546CC1D7AD08300A28BCE /* testLayout.m */,
				65B546CD1D7AD08300A28BCE /* testNotes.m */,
				65B546CE1D7AD08300A28BCE /* testQueries.m */,
				65B546CF1D7AD08300A28BCE /* testRequestServers.m */,
				65B546D01D7AD08300A28BCE /* testResponseLoader.m */,
				65B546D11D7AD08300A28BCE /* testSendNotification.m */,
				65B546D21D7AD08300A28BCE /* testServerInfo.m */,
				65B546D31D7AD08300A28BCE /* testStatus.m */,
				65B546D41D7AD08300A28BCE /* testUser.m */,
				65B546D51D7AD08300A28BCE /* testUserSettings.m */,
				65B546D61D7AD08300A28BCE /* keytechKitTests-Info.plist */,
				657F1FA31D7ABC8600BA499A /* ExampleTests.m */,
				657F1FA51D7ABC8600BA499A /* Info.plist */,
			);
			path = ExampleTests;
			sourceTree = "<group>";
		};
		65B546BE1D7AD08300A28BCE /* en.lproj */ = {
			isa = PBXGroup;
			children = (
				65B546BF1D7AD08300A28BCE /* InfoPlist.strings */,
			);
			path = en.lproj;
			sourceTree = "<group>";
		};
		903B0CF6F47DF869C0C0035D /* Frameworks */ = {
			isa = PBXGroup;
			children = (
				46BA6653B80DACB1111291BB /* libPods-Example.a */,
				147DE80734F59656B574442E /* libPods-ExampleTests.a */,
			);
			name = Frameworks;
			sourceTree = "<group>";
		};
		DA35D70CC9EAA397D7FBD0ED /* Pods */ = {
			isa = PBXGroup;
			children = (
				106DDD5A45C7BF40EB8398A6 /* Pods-Example.debug.xcconfig */,
				639987E8983830B58CDB5D79 /* Pods-Example.release.xcconfig */,
				B6CF0B052AAC9FF12EABAA4D /* Pods-ExampleTests.debug.xcconfig */,
				51AA6B33647D906A6A723EA2 /* Pods-ExampleTests.release.xcconfig */,
			);
			name = Pods;
			sourceTree = "<group>";
		};
/* End PBXGroup section */

/* Begin PBXNativeTarget section */
		657F1F821D7ABC8600BA499A /* Example */ = {
			isa = PBXNativeTarget;
			buildConfigurationList = 657F1FA81D7ABC8600BA499A /* Build configuration list for PBXNativeTarget "Example" */;
			buildPhases = (
				84C022E72F8E87456C0EDB67 /* [CP] Check Pods Manifest.lock */,
				657F1F7F1D7ABC8600BA499A /* Sources */,
				657F1F801D7ABC8600BA499A /* Frameworks */,
				657F1F811D7ABC8600BA499A /* Resources */,
			);
			buildRules = (
			);
			dependencies = (
			);
			name = Example;
			productName = Example;
			productReference = 657F1F831D7ABC8600BA499A /* Example.app */;
			productType = "com.apple.product-type.application";
		};
		657F1F9E1D7ABC8600BA499A /* ExampleTests */ = {
			isa = PBXNativeTarget;
			buildConfigurationList = 657F1FAB1D7ABC8600BA499A /* Build configuration list for PBXNativeTarget "ExampleTests" */;
			buildPhases = (
				BC90E77E2B0A964B7ECA0EC1 /* [CP] Check Pods Manifest.lock */,
				657F1F9B1D7ABC8600BA499A /* Sources */,
				657F1F9C1D7ABC8600BA499A /* Frameworks */,
				657F1F9D1D7ABC8600BA499A /* Resources */,
			);
			buildRules = (
			);
			dependencies = (
				657F1FA11D7ABC8600BA499A /* PBXTargetDependency */,
			);
			name = ExampleTests;
			productName = ExampleTests;
			productReference = 657F1F9F1D7ABC8600BA499A /* ExampleTests.xctest */;
			productType = "com.apple.product-type.bundle.unit-test";
		};
/* End PBXNativeTarget section */

/* Begin PBXProject section */
		657F1F7B1D7ABC8600BA499A /* Project object */ = {
			isa = PBXProject;
			attributes = {
				LastUpgradeCheck = 0900;
				ORGANIZATIONNAME = "Claus-Software";
				TargetAttributes = {
					657F1F821D7ABC8600BA499A = {
						CreatedOnToolsVersion = 7.3;
					};
					657F1F9E1D7ABC8600BA499A = {
						CreatedOnToolsVersion = 7.3;
						TestTargetID = 657F1F821D7ABC8600BA499A;
					};
				};
			};
			buildConfigurationList = 657F1F7E1D7ABC8600BA499A /* Build configuration list for PBXProject "Example" */;
			compatibilityVersion = "Xcode 8.0";
			developmentRegion = English;
			hasScannedForEncodings = 0;
			knownRegions = (
				en,
				Base,
			);
			mainGroup = 657F1F7A1D7ABC8600BA499A;
			productRefGroup = 657F1F841D7ABC8600BA499A /* Products */;
			projectDirPath = "";
			projectRoot = "";
			targets = (
				657F1F821D7ABC8600BA499A /* Example */,
				657F1F9E1D7ABC8600BA499A /* ExampleTests */,
			);
		};
/* End PBXProject section */

/* Begin PBXResourcesBuildPhase section */
		657F1F811D7ABC8600BA499A /* Resources */ = {
			isa = PBXResourcesBuildPhase;
			buildActionMask = 2147483647;
			files = (
				657F1F991D7ABC8600BA499A /* LaunchScreen.storyboard in Resources */,
				657F1F961D7ABC8600BA499A /* Assets.xcassets in Resources */,
				657F1F941D7ABC8600BA499A /* Main.storyboard in Resources */,
			);
			runOnlyForDeploymentPostprocessing = 0;
		};
		657F1F9D1D7ABC8600BA499A /* Resources */ = {
			isa = PBXResourcesBuildPhase;
			buildActionMask = 2147483647;
			files = (
				65B546D71D7AD08300A28BCE /* InfoPlist.strings in Resources */,
				65B546EC1D7AD08300A28BCE /* keytechKitTests-Info.plist in Resources */,
				65B546D91D7AD08300A28BCE /* Aerial04.jpg in Resources */,
				65B546D81D7AD08300A28BCE /* InfoPlist.strings in Resources */,
			);
			runOnlyForDeploymentPostprocessing = 0;
		};
/* End PBXResourcesBuildPhase section */

/* Begin PBXShellScriptBuildPhase section */
		84C022E72F8E87456C0EDB67 /* [CP] Check Pods Manifest.lock */ = {
			isa = PBXShellScriptBuildPhase;
			buildActionMask = 2147483647;
			files = (
			);
			inputPaths = (
				"${PODS_PODFILE_DIR_PATH}/Podfile.lock",
				"${PODS_ROOT}/Manifest.lock",
			);
			name = "[CP] Check Pods Manifest.lock";
			outputPaths = (
				"$(DERIVED_FILE_DIR)/Pods-Example-checkManifestLockResult.txt",
			);
			runOnlyForDeploymentPostprocessing = 0;
			shellPath = /bin/sh;
			shellScript = "diff \"${PODS_PODFILE_DIR_PATH}/Podfile.lock\" \"${PODS_ROOT}/Manifest.lock\" > /dev/null\nif [ $? != 0 ] ; then\n    # print error to STDERR\n    echo \"error: The sandbox is not in sync with the Podfile.lock. Run 'pod install' or update your CocoaPods installation.\" >&2\n    exit 1\nfi\n# This output is used by Xcode 'outputs' to avoid re-running this script phase.\necho \"SUCCESS\" > \"${SCRIPT_OUTPUT_FILE_0}\"\n";
			showEnvVarsInLog = 0;
		};
		BC90E77E2B0A964B7ECA0EC1 /* [CP] Check Pods Manifest.lock */ = {
			isa = PBXShellScriptBuildPhase;
			buildActionMask = 2147483647;
			files = (
			);
			inputPaths = (
				"${PODS_PODFILE_DIR_PATH}/Podfile.lock",
				"${PODS_ROOT}/Manifest.lock",
			);
			name = "[CP] Check Pods Manifest.lock";
			outputPaths = (
				"$(DERIVED_FILE_DIR)/Pods-ExampleTests-checkManifestLockResult.txt",
			);
			runOnlyForDeploymentPostprocessing = 0;
			shellPath = /bin/sh;
			shellScript = "diff \"${PODS_PODFILE_DIR_PATH}/Podfile.lock\" \"${PODS_ROOT}/Manifest.lock\" > /dev/null\nif [ $? != 0 ] ; then\n    # print error to STDERR\n    echo \"error: The sandbox is not in sync with the Podfile.lock. Run 'pod install' or update your CocoaPods installation.\" >&2\n    exit 1\nfi\n# This output is used by Xcode 'outputs' to avoid re-running this script phase.\necho \"SUCCESS\" > \"${SCRIPT_OUTPUT_FILE_0}\"\n";
			showEnvVarsInLog = 0;
		};
/* End PBXShellScriptBuildPhase section */

/* Begin PBXSourcesBuildPhase section */
		657F1F7F1D7ABC8600BA499A /* Sources */ = {
			isa = PBXSourcesBuildPhase;
			buildActionMask = 2147483647;
			files = (
				657F1F8B1D7ABC8600BA499A /* AppDelegate.m in Sources */,
				657F1F8E1D7ABC8600BA499A /* MasterViewController.m in Sources */,
				657F1F881D7ABC8600BA499A /* main.m in Sources */,
				657F1F911D7ABC8600BA499A /* DetailViewController.m in Sources */,
			);
			runOnlyForDeploymentPostprocessing = 0;
		};
		657F1F9B1D7ABC8600BA499A /* Sources */ = {
			isa = PBXSourcesBuildPhase;
			buildActionMask = 2147483647;
			files = (
				65B546DF1D7AD08300A28BCE /* testFolderManagement.m in Sources */,
				65B546EB1D7AD08300A28BCE /* testUserSettings.m in Sources */,
				65B546E21D7AD08300A28BCE /* testLayout.m in Sources */,
				65B546E41D7AD08300A28BCE /* testQueries.m in Sources */,
				657F1FA41D7ABC8600BA499A /* ExampleTests.m in Sources */,
				65B546E61D7AD08300A28BCE /* testResponseLoader.m in Sources */,
				65B546EA1D7AD08300A28BCE /* testUser.m in Sources */,
				65B546E51D7AD08300A28BCE /* testRequestServers.m in Sources */,
				65B546DD1D7AD08300A28BCE /* testEnvironment.m in Sources */,
				65B546E91D7AD08300A28BCE /* testStatus.m in Sources */,
				65B546DC1D7AD08300A28BCE /* TestDefaults.m in Sources */,
				65B546E11D7AD08300A28BCE /* testKeytechElements.m in Sources */,
				65B546DA1D7AD08300A28BCE /* testBaseKeytechKit.m in Sources */,
				65B546DE1D7AD08300A28BCE /* testFileManagement.m in Sources */,
				65B546DB1D7AD08300A28BCE /* testClasses.m in Sources */,
				65B546E71D7AD08300A28BCE /* testSendNotification.m in Sources */,
				65B546E81D7AD08300A28BCE /* testServerInfo.m in Sources */,
				65B546E31D7AD08300A28BCE /* testNotes.m in Sources */,
			);
			runOnlyForDeploymentPostprocessing = 0;
		};
/* End PBXSourcesBuildPhase section */

/* Begin PBXTargetDependency section */
		657F1FA11D7ABC8600BA499A /* PBXTargetDependency */ = {
			isa = PBXTargetDependency;
			target = 657F1F821D7ABC8600BA499A /* Example */;
			targetProxy = 657F1FA01D7ABC8600BA499A /* PBXContainerItemProxy */;
		};
/* End PBXTargetDependency section */

/* Begin PBXVariantGroup section */
		657F1F921D7ABC8600BA499A /* Main.storyboard */ = {
			isa = PBXVariantGroup;
			children = (
				657F1F931D7ABC8600BA499A /* Base */,
			);
			name = Main.storyboard;
			sourceTree = "<group>";
		};
		657F1F971D7ABC8600BA499A /* LaunchScreen.storyboard */ = {
			isa = PBXVariantGroup;
			children = (
				657F1F981D7ABC8600BA499A /* Base */,
			);
			name = LaunchScreen.storyboard;
			sourceTree = "<group>";
		};
		65B546BF1D7AD08300A28BCE /* InfoPlist.strings */ = {
			isa = PBXVariantGroup;
			children = (
				65B546C01D7AD08300A28BCE /* en */,
			);
			name = InfoPlist.strings;
			sourceTree = "<group>";
		};
		65B546C11D7AD08300A28BCE /* InfoPlist.strings */ = {
			isa = PBXVariantGroup;
			children = (
				65B546C21D7AD08300A28BCE /* en */,
			);
			name = InfoPlist.strings;
			sourceTree = "<group>";
		};
/* End PBXVariantGroup section */

/* Begin XCBuildConfiguration section */
		657F1FA61D7ABC8600BA499A /* Debug */ = {
			isa = XCBuildConfiguration;
			buildSettings = {
				ALWAYS_SEARCH_USER_PATHS = NO;
				CLANG_ANALYZER_NONNULL = YES;
				CLANG_CXX_LANGUAGE_STANDARD = "gnu++0x";
				CLANG_CXX_LIBRARY = "libc++";
				CLANG_ENABLE_MODULES = YES;
				CLANG_ENABLE_OBJC_ARC = YES;
				CLANG_WARN_BLOCK_CAPTURE_AUTORELEASING = YES;
				CLANG_WARN_BOOL_CONVERSION = YES;
				CLANG_WARN_COMMA = YES;
				CLANG_WARN_CONSTANT_CONVERSION = YES;
				CLANG_WARN_DEPRECATED_OBJC_IMPLEMENTATIONS = NO;
				CLANG_WARN_DIRECT_OBJC_ISA_USAGE = YES_ERROR;
				CLANG_WARN_EMPTY_BODY = YES;
				CLANG_WARN_ENUM_CONVERSION = YES;
				CLANG_WARN_INFINITE_RECURSION = YES;
				CLANG_WARN_INT_CONVERSION = YES;
				CLANG_WARN_NON_LITERAL_NULL_CONVERSION = YES;
				CLANG_WARN_OBJC_LITERAL_CONVERSION = YES;
				CLANG_WARN_OBJC_ROOT_CLASS = YES_ERROR;
				CLANG_WARN_RANGE_LOOP_ANALYSIS = YES;
				CLANG_WARN_STRICT_PROTOTYPES = YES;
				CLANG_WARN_SUSPICIOUS_MOVE = YES;
				CLANG_WARN_UNREACHABLE_CODE = YES;
				CLANG_WARN__DUPLICATE_METHOD_MATCH = YES;
				"CODE_SIGN_IDENTITY[sdk=iphoneos*]" = "iPhone Developer";
				COPY_PHASE_STRIP = NO;
				DEBUG_INFORMATION_FORMAT = dwarf;
				ENABLE_STRICT_OBJC_MSGSEND = YES;
				ENABLE_TESTABILITY = YES;
				GCC_C_LANGUAGE_STANDARD = gnu99;
				GCC_DYNAMIC_NO_PIC = NO;
				GCC_NO_COMMON_BLOCKS = YES;
				GCC_OPTIMIZATION_LEVEL = 0;
				GCC_PREPROCESSOR_DEFINITIONS = (
					"DEBUG=1",
					"$(inherited)",
				);
				GCC_WARN_64_TO_32_BIT_CONVERSION = YES;
				GCC_WARN_ABOUT_RETURN_TYPE = YES_ERROR;
				GCC_WARN_UNDECLARED_SELECTOR = YES;
				GCC_WARN_UNINITIALIZED_AUTOS = YES_AGGRESSIVE;
				GCC_WARN_UNUSED_FUNCTION = YES;
				GCC_WARN_UNUSED_VARIABLE = YES;
				IPHONEOS_DEPLOYMENT_TARGET = 9.3;
				MTL_ENABLE_DEBUG_INFO = YES;
				ONLY_ACTIVE_ARCH = YES;
				SDKROOT = iphoneos;
				TARGETED_DEVICE_FAMILY = "1,2";
			};
			name = Debug;
		};
		657F1FA71D7ABC8600BA499A /* Release */ = {
			isa = XCBuildConfiguration;
			buildSettings = {
				ALWAYS_SEARCH_USER_PATHS = NO;
				CLANG_ANALYZER_NONNULL = YES;
				CLANG_CXX_LANGUAGE_STANDARD = "gnu++0x";
				CLANG_CXX_LIBRARY = "libc++";
				CLANG_ENABLE_MODULES = YES;
				CLANG_ENABLE_OBJC_ARC = YES;
				CLANG_WARN_BLOCK_CAPTURE_AUTORELEASING = YES;
				CLANG_WARN_BOOL_CONVERSION = YES;
				CLANG_WARN_COMMA = YES;
				CLANG_WARN_CONSTANT_CONVERSION = YES;
				CLANG_WARN_DEPRECATED_OBJC_IMPLEMENTATIONS = NO;
				CLANG_WARN_DIRECT_OBJC_ISA_USAGE = YES_ERROR;
				CLANG_WARN_EMPTY_BODY = YES;
				CLANG_WARN_ENUM_CONVERSION = YES;
				CLANG_WARN_INFINITE_RECURSION = YES;
				CLANG_WARN_INT_CONVERSION = YES;
				CLANG_WARN_NON_LITERAL_NULL_CONVERSION = YES;
				CLANG_WARN_OBJC_LITERAL_CONVERSION = YES;
				CLANG_WARN_OBJC_ROOT_CLASS = YES_ERROR;
				CLANG_WARN_RANGE_LOOP_ANALYSIS = YES;
				CLANG_WARN_STRICT_PROTOTYPES = YES;
				CLANG_WARN_SUSPICIOUS_MOVE = YES;
				CLANG_WARN_UNREACHABLE_CODE = YES;
				CLANG_WARN__DUPLICATE_METHOD_MATCH = YES;
				"CODE_SIGN_IDENTITY[sdk=iphoneos*]" = "iPhone Developer";
				COPY_PHASE_STRIP = NO;
				DEBUG_INFORMATION_FORMAT = "dwarf-with-dsym";
				ENABLE_NS_ASSERTIONS = NO;
				ENABLE_STRICT_OBJC_MSGSEND = YES;
				GCC_C_LANGUAGE_STANDARD = gnu99;
				GCC_NO_COMMON_BLOCKS = YES;
				GCC_WARN_64_TO_32_BIT_CONVERSION = YES;
				GCC_WARN_ABOUT_RETURN_TYPE = YES_ERROR;
				GCC_WARN_UNDECLARED_SELECTOR = YES;
				GCC_WARN_UNINITIALIZED_AUTOS = YES_AGGRESSIVE;
				GCC_WARN_UNUSED_FUNCTION = YES;
				GCC_WARN_UNUSED_VARIABLE = YES;
				IPHONEOS_DEPLOYMENT_TARGET = 9.3;
				MTL_ENABLE_DEBUG_INFO = NO;
				SDKROOT = iphoneos;
				TARGETED_DEVICE_FAMILY = "1,2";
				VALIDATE_PRODUCT = YES;
			};
			name = Release;
		};
		657F1FA91D7ABC8600BA499A /* Debug */ = {
			isa = XCBuildConfiguration;
			baseConfigurationReference = 106DDD5A45C7BF40EB8398A6 /* Pods-Example.debug.xcconfig */;
			buildSettings = {
				ASSETCATALOG_COMPILER_APPICON_NAME = AppIcon;
				DEVELOPMENT_TEAM = "";
				INFOPLIST_FILE = Example/Info.plist;
				IPHONEOS_DEPLOYMENT_TARGET = 9.3;
				LD_RUNPATH_SEARCH_PATHS = "$(inherited) @executable_path/Frameworks";
				PRODUCT_BUNDLE_IDENTIFIER = "de.claus-software.Example";
				PRODUCT_NAME = "$(TARGET_NAME)";
			};
			name = Debug;
		};
		657F1FAA1D7ABC8600BA499A /* Release */ = {
			isa = XCBuildConfiguration;
			baseConfigurationReference = 639987E8983830B58CDB5D79 /* Pods-Example.release.xcconfig */;
			buildSettings = {
				ASSETCATALOG_COMPILER_APPICON_NAME = AppIcon;
				DEVELOPMENT_TEAM = "";
				INFOPLIST_FILE = Example/Info.plist;
				IPHONEOS_DEPLOYMENT_TARGET = 9.3;
				LD_RUNPATH_SEARCH_PATHS = "$(inherited) @executable_path/Frameworks";
				PRODUCT_BUNDLE_IDENTIFIER = "de.claus-software.Example";
				PRODUCT_NAME = "$(TARGET_NAME)";
			};
			name = Release;
		};
		657F1FAC1D7ABC8600BA499A /* Debug */ = {
			isa = XCBuildConfiguration;
			baseConfigurationReference = B6CF0B052AAC9FF12EABAA4D /* Pods-ExampleTests.debug.xcconfig */;
			buildSettings = {
				INFOPLIST_FILE = ExampleTests/Info.plist;
				LD_RUNPATH_SEARCH_PATHS = "$(inherited) @executable_path/Frameworks @loader_path/Frameworks";
				PRODUCT_BUNDLE_IDENTIFIER = "de.claus-software.ExampleTests";
				PRODUCT_NAME = "$(TARGET_NAME)";
				TEST_HOST = "$(BUILT_PRODUCTS_DIR)/Example.app/Example";
			};
			name = Debug;
		};
		657F1FAD1D7ABC8600BA499A /* Release */ = {
			isa = XCBuildConfiguration;
			baseConfigurationReference = 51AA6B33647D906A6A723EA2 /* Pods-ExampleTests.release.xcconfig */;
			buildSettings = {
				INFOPLIST_FILE = ExampleTests/Info.plist;
				LD_RUNPATH_SEARCH_PATHS = "$(inherited) @executable_path/Frameworks @loader_path/Frameworks";
				PRODUCT_BUNDLE_IDENTIFIER = "de.claus-software.ExampleTests";
				PRODUCT_NAME = "$(TARGET_NAME)";
				TEST_HOST = "$(BUILT_PRODUCTS_DIR)/Example.app/Example";
			};
			name = Release;
		};
/* End XCBuildConfiguration section */

/* Begin XCConfigurationList section */
		657F1F7E1D7ABC8600BA499A /* Build configuration list for PBXProject "Example" */ = {
			isa = XCConfigurationList;
			buildConfigurations = (
				657F1FA61D7ABC8600BA499A /* Debug */,
				657F1FA71D7ABC8600BA499A /* Release */,
			);
			defaultConfigurationIsVisible = 0;
			defaultConfigurationName = Release;
		};
		657F1FA81D7ABC8600BA499A /* Build configuration list for PBXNativeTarget "Example" */ = {
			isa = XCConfigurationList;
			buildConfigurations = (
				657F1FA91D7ABC8600BA499A /* Debug */,
				657F1FAA1D7ABC8600BA499A /* Release */,
			);
			defaultConfigurationIsVisible = 0;
			defaultConfigurationName = Release;
		};
		657F1FAB1D7ABC8600BA499A /* Build configuration list for PBXNativeTarget "ExampleTests" */ = {
			isa = XCConfigurationList;
			buildConfigurations = (
				657F1FAC1D7ABC8600BA499A /* Debug */,
				657F1FAD1D7ABC8600BA499A /* Release */,
			);
			defaultConfigurationIsVisible = 0;
			defaultConfigurationName = Release;
		};
/* End XCConfigurationList section */
	};
	rootObject = 657F1F7B1D7ABC8600BA499A /* Project object */;
}
